
Microsoft Visual Studio Solution File, Format Version 12.00
# Visual Studio Version 16
VisualStudioVersion = 16.0.31729.503
MinimumVisualStudioVersion = 10.0.40219.1
Project("{FAE04EC0-301F-11D3-BF4B-00C04F79EFBC}") = "ContextFreeSession", "ContextFreeSession\ContextFreeSession.csproj", "{95FCC60C-7194-4DD1-8C8C-A7DE84605752}"
EndProject
Project("{FAE04EC0-301F-11D3-BF4B-00C04F79EFBC}") = "ConsoleTest", "ConsoleTest\ConsoleTest.csproj", "{BDACCCE6-3A82-4DC4-B04D-05AF52F68C4B}"
EndProject
Global
	GlobalSection(SolutionConfigurationPlatforms) = preSolution
		Debug|Any CPU = Debug|Any CPU
		Release|Any CPU = Release|Any CPU
	EndGlobalSection
	GlobalSection(ProjectConfigurationPlatforms) = postSolution
		{95FCC60C-7194-4DD1-8C8C-A7DE84605752}.Debug|Any CPU.ActiveCfg = Debug|Any CPU
		{95FCC60C-7194-4DD1-8C8C-A7DE84605752}.Debug|Any CPU.Build.0 = Debug|Any CPU
		{95FCC60C-7194-4DD1-8C8C-A7DE84605752}.Release|Any CPU.ActiveCfg = Release|Any CPU
		{95FCC60C-7194-4DD1-8C8C-A7DE84605752}.Release|Any CPU.Build.0 = Release|Any CPU
		{BDACCCE6-3A82-4DC4-B04D-05AF52F68C4B}.Debug|Any CPU.ActiveCfg = Debug|Any CPU
		{BDACCCE6-3A82-4DC4-B04D-05AF52F68C4B}.Debug|Any CPU.Build.0 = Debug|Any CPU
		{BDACCCE6-3A82-4DC4-B04D-05AF52F68C4B}.Release|Any CPU.ActiveCfg = Release|Any CPU
		{BDACCCE6-3A82-4DC4-B04D-05AF52F68C4B}.Release|Any CPU.Build.0 = Release|Any CPU
	EndGlobalSection
	GlobalSection(SolutionProperties) = preSolution
		HideSolutionNode = FALSE
	EndGlobalSection
	GlobalSection(ExtensibilityGlobals) = postSolution
		SolutionGuid = {DA00D26C-1B05-46EA-97A9-97150B831F64}
	EndGlobalSection
EndGlobal
